
Microsoft Visual Studio Solution File, Format Version 9.00
# Visual Studio 2005
Project("{FAE04EC0-301F-11D3-BF4B-00C04F79EFBC}") = "UsbScope", "UsbApp\UsbScope.csproj", "{8A576B45-04F3-4811-9BEE-09860C05F2EF}"
EndProject
Global
	GlobalSection(SolutionConfigurationPlatforms) = preSolution
		Debug|Any CPU = Debug|Any CPU
		Release|Any CPU = Release|Any CPU
	EndGlobalSection
	GlobalSection(ProjectConfigurationPlatforms) = postSolution
		{8A576B45-04F3-4811-9BEE-09860C05F2EF}.Debug|Any CPU.ActiveCfg = Debug|Any CPU
		{8A576B45-04F3-4811-9BEE-09860C05F2EF}.Debug|Any CPU.Build.0 = Debug|Any CPU
		{8A576B45-04F3-4811-9BEE-09860C05F2EF}.Release|Any CPU.ActiveCfg = Release|Any CPU
		{8A576B45-04F3-4811-9BEE-09860C05F2EF}.Release|Any CPU.Build.0 = Release|Any CPU
	EndGlobalSection
	GlobalSection(SolutionProperties) = preSolution
		HideSolutionNode = FALSE
	EndGlobalSection
EndGlobal
